
Microsoft Visual Studio Solution File, Format Version 12.00
# Visual Studio Version 17
VisualStudioVersion = 17.0.31903.59
MinimumVisualStudioVersion = 10.0.40219.1
Project("{2150E333-8FDC-42A3-9474-1A3956D46DE8}") = "src", "src", "{B07F7C98-1C22-4F66-9B8E-FCB34649DD9C}"
EndProject
Project("{FAE04EC0-301F-11D3-BF4B-00C04F79EFBC}") = "ShipmentTracking.Common", "src\ShipmentTracking.Common\ShipmentTracking.Common.csproj", "{4BC7BB72-9958-4F89-98B5-3F38F1A344E4}"
EndProject
Global
	GlobalSection(SolutionConfigurationPlatforms) = preSolution
		Debug|Any CPU = Debug|Any CPU
		Release|Any CPU = Release|Any CPU
	EndGlobalSection
	GlobalSection(SolutionProperties) = preSolution
		HideSolutionNode = FALSE
	EndGlobalSection
	GlobalSection(ProjectConfigurationPlatforms) = postSolution
		{4BC7BB72-9958-4F89-98B5-3F38F1A344E4}.Debug|Any CPU.ActiveCfg = Debug|Any CPU
		{4BC7BB72-9958-4F89-98B5-3F38F1A344E4}.Debug|Any CPU.Build.0 = Debug|Any CPU
		{4BC7BB72-9958-4F89-98B5-3F38F1A344E4}.Release|Any CPU.ActiveCfg = Release|Any CPU
		{4BC7BB72-9958-4F89-98B5-3F38F1A344E4}.Release|Any CPU.Build.0 = Release|Any CPU
	EndGlobalSection
	GlobalSection(NestedProjects) = preSolution
		{4BC7BB72-9958-4F89-98B5-3F38F1A344E4} = {B07F7C98-1C22-4F66-9B8E-FCB34649DD9C}
	EndGlobalSection
EndGlobal
